
Microsoft Visual Studio Solution File, Format Version 12.00
# Visual Studio Version 17
VisualStudioVersion = 17.9.34622.214
MinimumVisualStudioVersion = 10.0.40219.1
Project("{FAE04EC0-301F-11D3-BF4B-00C04F79EFBC}") = "BestStoreMVC", "BestStoreMVC\BestStoreMVC.csproj", "{FEEF563C-E812-4939-B910-5A8216CBC2F9}"
EndProject
Global
	GlobalSection(SolutionConfigurationPlatforms) = preSolution
		Debug|Any CPU = Debug|Any CPU
		Release|Any CPU = Release|Any CPU
	EndGlobalSection
	GlobalSection(ProjectConfigurationPlatforms) = postSolution
		{FEEF563C-E812-4939-B910-5A8216CBC2F9}.Debug|Any CPU.ActiveCfg = Debug|Any CPU
		{FEEF563C-E812-4939-B910-5A8216CBC2F9}.Debug|Any CPU.Build.0 = Debug|Any CPU
		{FEEF563C-E812-4939-B910-5A8216CBC2F9}.Release|Any CPU.ActiveCfg = Release|Any CPU
		{FEEF563C-E812-4939-B910-5A8216CBC2F9}.Release|Any CPU.Build.0 = Release|Any CPU
	EndGlobalSection
	GlobalSection(SolutionProperties) = preSolution
		HideSolutionNode = FALSE
	EndGlobalSection
	GlobalSection(ExtensibilityGlobals) = postSolution
		SolutionGuid = {D3A82EED-92FC-416F-866D-D9799A50CB42}
	EndGlobalSection
EndGlobal
